
Microsoft Visual Studio Solution File, Format Version 12.00
# Visual Studio Version 17
VisualStudioVersion = 17.10.35013.160
MinimumVisualStudioVersion = 10.0.40219.1
Project("{FAE04EC0-301F-11D3-BF4B-00C04F79EFBC}") = "Yaskawa_Test", "Yaskawa_Test\Yaskawa_Test.csproj", "{D3ADB0DC-8837-4AFE-A830-F4055F8BC7CB}"
EndProject
Global
	GlobalSection(SolutionConfigurationPlatforms) = preSolution
		Debug|Any CPU = Debug|Any CPU
		Release|Any CPU = Release|Any CPU
	EndGlobalSection
	GlobalSection(ProjectConfigurationPlatforms) = postSolution
		{D3ADB0DC-8837-4AFE-A830-F4055F8BC7CB}.Debug|Any CPU.ActiveCfg = Debug|Any CPU
		{D3ADB0DC-8837-4AFE-A830-F4055F8BC7CB}.Debug|Any CPU.Build.0 = Debug|Any CPU
		{D3ADB0DC-8837-4AFE-A830-F4055F8BC7CB}.Release|Any CPU.ActiveCfg = Release|Any CPU
		{D3ADB0DC-8837-4AFE-A830-F4055F8BC7CB}.Release|Any CPU.Build.0 = Release|Any CPU
	EndGlobalSection
	GlobalSection(SolutionProperties) = preSolution
		HideSolutionNode = FALSE
	EndGlobalSection
	GlobalSection(ExtensibilityGlobals) = postSolution
		SolutionGuid = {3B23ADDB-9748-470C-84D0-99E0F458A9A3}
	EndGlobalSection
EndGlobal
